
Microsoft Visual Studio Solution File, Format Version 12.00
# Visual Studio 15
VisualStudioVersion = 15.0.28307.271
MinimumVisualStudioVersion = 10.0.40219.1
Project("{8BC9CEB8-8B4A-11D0-8D11-00A0C91BC942}") = "SztakiCopter_Project", "SztakiCopter_Project.vcxproj", "{1F28032C-F851-4A7D-BF35-04AAB7EEB6E2}"
EndProject
Global
	GlobalSection(SolutionConfigurationPlatforms) = preSolution
		Debug|x64 = Debug|x64
		Debug|x86 = Debug|x86
		Release|x64 = Release|x64
		Release|x86 = Release|x86
	EndGlobalSection
	GlobalSection(ProjectConfigurationPlatforms) = postSolution
		{1F28032C-F851-4A7D-BF35-04AAB7EEB6E2}.Debug|x64.ActiveCfg = Debug|x64
		{1F28032C-F851-4A7D-BF35-04AAB7EEB6E2}.Debug|x64.Build.0 = Debug|x64
		{1F28032C-F851-4A7D-BF35-04AAB7EEB6E2}.Debug|x86.ActiveCfg = Debug|Win32
		{1F28032C-F851-4A7D-BF35-04AAB7EEB6E2}.Debug|x86.Build.0 = Debug|Win32
		{1F28032C-F851-4A7D-BF35-04AAB7EEB6E2}.Release|x64.ActiveCfg = Release|x64
		{1F28032C-F851-4A7D-BF35-04AAB7EEB6E2}.Release|x64.Build.0 = Release|x64
		{1F28032C-F851-4A7D-BF35-04AAB7EEB6E2}.Release|x86.ActiveCfg = Release|Win32
		{1F28032C-F851-4A7D-BF35-04AAB7EEB6E2}.Release|x86.Build.0 = Release|Win32
	EndGlobalSection
	GlobalSection(SolutionProperties) = preSolution
		HideSolutionNode = FALSE
	EndGlobalSection
	GlobalSection(ExtensibilityGlobals) = postSolution
		SolutionGuid = {9A95C227-F8B4-4913-867F-7508858CDF78}
	EndGlobalSection
EndGlobal
